PODS:
  - IP-UIKit-Wisdom (0.0.6)
  - IPDecimalNumberPad (0.1.0):
    - IP-UIKit-Wisdom (= 0.0.6)

DEPENDENCIES:
  - IPDecimalNumberPad (from `../`)

EXTERNAL SOURCES:
  IPDecimalNumberPad:
    :path: "../"

SPEC CHECKSUMS:
  IP-UIKit-Wisdom: 6ccb790ade163d9ac8f2f5be5b5108dcd9c8b824
  IPDecimalNumberPad: 5e90b643cd41c2c2eebad14d386daf7f16cbeb14

COCOAPODS: 0.38.2
