PODS:
  - IP-UIKit-Wisdom (0.0.7)
  - IPDecimalNumberPad (0.1.0):
    - IP-UIKit-Wisdom (= 0.0.7)

DEPENDENCIES:
  - IPDecimalNumberPad (from `../`)

EXTERNAL SOURCES:
  IPDecimalNumberPad:
    :path: "../"

SPEC CHECKSUMS:
  IP-UIKit-Wisdom: b5305ad604880befa1dc13909afd1d05c905441b
  IPDecimalNumberPad: 6c2aa9b4e4e2ab32bb82d055d116d0ed791c6cb8

COCOAPODS: 0.39.0
